{
  "name": "freshforme",
  "lockfileVersion": 3,
  "requires": true,
  "packages": {
    "": {
      "dependencies": {
        "@angular/common": "^21.1.1",
        "@angular/router": "^21.1.1",
        "@fortawesome/free-solid-svg-icons": "^7.1.0",
        "angular": "^1.8.3",
        "tslib": "^2.8.1"
      }
    },
    "node_modules/@angular/common": {
      "version": "21.1.1",
      "resolved": "https://registry.npmjs.org/@angular/common/-/common-21.1.1.tgz",
      "integrity": "sha512-Di2I6TooHdKun3SqRr45o4LbWJq/ZdwUt3fg0X3obPYaP/f6TrFQ4TMjcl03EfPufPtoQx6O+d32rcWVLhDxyw==",
      "dependencies": {
        "tslib": "^2.3.0"
      },
      "engines": {
        "node": "^20.19.0 || ^22.12.0 || >=24.0.0"
      },
      "peerDependencies": {
        "@angular/core": "21.1.1",
        "rxjs": "^6.5.3 || ^7.4.0"
      }
    },
    "node_modules/@angular/core": {
      "version": "21.1.1",
      "resolved": "https://registry.npmjs.org/@angular/core/-/core-21.1.1.tgz",
      "integrity": "sha512-KFRCEhsi02pY1EqJ5rnze4mzSaacqh14D8goDhtmARiUH0tefaHR+uKyu4bKSrWga2T/ExG0DJX52LhHRs2qSw==",
      "peer": true,
      "dependencies": {
        "tslib": "^2.3.0"
      },
      "engines": {
        "node": "^20.19.0 || ^22.12.0 || >=24.0.0"
      },
      "peerDependencies": {
        "@angular/compiler": "21.1.1",
        "rxjs": "^6.5.3 || ^7.4.0",
        "zone.js": "~0.15.0 || ~0.16.0"
      },
      "peerDependenciesMeta": {
        "@angular/compiler": {
          "optional": true
        },
        "zone.js": {
          "optional": true
        }
      }
    },
    "node_modules/@angular/platform-browser": {
      "version": "21.1.1",
      "resolved": "https://registry.npmjs.org/@angular/platform-browser/-/platform-browser-21.1.1.tgz",
      "integrity": "sha512-d6liZjPz29GUZ6dhxytFL/W2nMsYwPpc/E/vZpr5yV+u+gI2VjbnLbl8SG+jjj0/Hyq7s4aGhEKsRrCJJMXgNw==",
      "peer": true,
      "dependencies": {
        "tslib": "^2.3.0"
      },
      "engines": {
        "node": "^20.19.0 || ^22.12.0 || >=24.0.0"
      },
      "peerDependencies": {
        "@angular/animations": "21.1.1",
        "@angular/common": "21.1.1",
        "@angular/core": "21.1.1"
      },
      "peerDependenciesMeta": {
        "@angular/animations": {
          "optional": true
        }
      }
    },
    "node_modules/@angular/router": {
      "version": "21.1.1",
      "resolved": "https://registry.npmjs.org/@angular/router/-/router-21.1.1.tgz",
      "integrity": "sha512-3ypbtH3KfzuVgebdEET9+bRwn1VzP//KI0tIqleCGi4rblP3WQ/HwIGa5Qhdcxmw/kbmABKLRXX2kRUvidKs/Q==",
      "dependencies": {
        "tslib": "^2.3.0"
      },
      "engines": {
        "node": "^20.19.0 || ^22.12.0 || >=24.0.0"
      },
      "peerDependencies": {
        "@angular/common": "21.1.1",
        "@angular/core": "21.1.1",
        "@angular/platform-browser": "21.1.1",
        "rxjs": "^6.5.3 || ^7.4.0"
      }
    },
    "node_modules/@fortawesome/fontawesome-common-types": {
      "version": "7.1.0",
      "resolved": "https://registry.npmjs.org/@fortawesome/fontawesome-common-types/-/fontawesome-common-types-7.1.0.tgz",
      "integrity": "sha512-l/BQM7fYntsCI//du+6sEnHOP6a74UixFyOYUyz2DLMXKx+6DEhfR3F2NYGE45XH1JJuIamacb4IZs9S0ZOWLA==",
      "engines": {
        "node": ">=6"
      }
    },
    "node_modules/@fortawesome/free-solid-svg-icons": {
      "version": "7.1.0",
      "resolved": "https://registry.npmjs.org/@fortawesome/free-solid-svg-icons/-/free-solid-svg-icons-7.1.0.tgz",
      "integrity": "sha512-Udu3K7SzAo9N013qt7qmm22/wo2hADdheXtBfxFTecp+ogsc0caQNRKEb7pkvvagUGOpG9wJC1ViH6WXs8oXIA==",
      "dependencies": {
        "@fortawesome/fontawesome-common-types": "7.1.0"
      },
      "engines": {
        "node": ">=6"
      }
    },
    "node_modules/angular": {
      "version": "1.8.3",
      "resolved": "https://registry.npmjs.org/angular/-/angular-1.8.3.tgz",
      "integrity": "sha512-5qjkWIQQVsHj4Sb5TcEs4WZWpFeVFHXwxEBHUhrny41D8UrBAd6T/6nPPAsLngJCReIOqi95W3mxdveveutpZw==",
      "deprecated": "For the actively supported Angular, see https://www.npmjs.com/package/@angular/core. AngularJS support has officially ended. For extended AngularJS support options, see https://goo.gle/angularjs-path-forward."
    },
    "node_modules/rxjs": {
      "version": "7.8.2",
      "resolved": "https://registry.npmjs.org/rxjs/-/rxjs-7.8.2.tgz",
      "integrity": "sha512-dhKf903U/PQZY6boNNtAGdWbG85WAbjT/1xYoZIC7FAY0yWapOBQVsVrDl58W86//e1VpMNBtRV4MaXfdMySFA==",
      "peer": true,
      "dependencies": {
        "tslib": "^2.1.0"
      }
    },
    "node_modules/tslib": {
      "version": "2.8.1",
      "resolved": "https://registry.npmjs.org/tslib/-/tslib-2.8.1.tgz",
      "integrity": "sha512-oJFu94HQb+KVduSUQL7wnpmqnfmLsOA/nAh6b6EH0wCEoK0/mPeXU6c3wKDV83MkOuHPRHtSXKKU99IBazS/2w=="
    }
  }
}
