{
  "name": "freshforme",
  "lockfileVersion": 3,
  "requires": true,
  "packages": {
    "": {
      "dependencies": {
        "angular": "^1.8.3"
      }
    },
    "node_modules/angular": {
      "version": "1.8.3",
      "resolved": "https://registry.npmjs.org/angular/-/angular-1.8.3.tgz",
      "integrity": "sha512-5qjkWIQQVsHj4Sb5TcEs4WZWpFeVFHXwxEBHUhrny41D8UrBAd6T/6nPPAsLngJCReIOqi95W3mxdveveutpZw==",
      "deprecated": "For the actively supported Angular, see https://www.npmjs.com/package/@angular/core. AngularJS support has officially ended. For extended AngularJS support options, see https://goo.gle/angularjs-path-forward."
    }
  }
}
