
Microsoft Visual Studio Solution File, Format Version 12.00
# Visual Studio Version 17
VisualStudioVersion = 17.0.31903.59
MinimumVisualStudioVersion = 10.0.40219.1
Project("{FAE04EC0-301F-11D3-BF4B-00C04F79EFBC}") = "Refresh.GameServer", "Refresh.GameServer\Refresh.GameServer.csproj", "{622EB919-5FD2-45FE-B006-4EE5C7849FDF}"
EndProject
Project("{FAE04EC0-301F-11D3-BF4B-00C04F79EFBC}") = "RefreshTests.GameServer", "RefreshTests.GameServer\RefreshTests.GameServer.csproj", "{8DC15128-D9C9-498B-AD3B-537C50966C91}"
EndProject
Project("{FAE04EC0-301F-11D3-BF4B-00C04F79EFBC}") = "Refresh.Common", "Refresh.Common\Refresh.Common.csproj", "{A3D76B31-8732-4134-907B-F36773DF70D3}"
EndProject
Project("{FAE04EC0-301F-11D3-BF4B-00C04F79EFBC}") = "Refresh.HttpsProxy", "Refresh.HttpsProxy\Refresh.HttpsProxy.csproj", "{3E0D28A4-3F63-4C3A-B12C-9AE2823ECE8E}"
EndProject
Project("{FAE04EC0-301F-11D3-BF4B-00C04F79EFBC}") = "Refresh.PresenceServer", "Refresh.PresenceServer\Refresh.PresenceServer.csproj", "{833B3104-122C-45A6-BCBA-B6ED02A4C82E}"
EndProject
Project("{FAE04EC0-301F-11D3-BF4B-00C04F79EFBC}") = "Refresh.Database", "Refresh.Database\Refresh.Database.csproj", "{BB124639-CC3E-462D-8F65-795260C0E56E}"
EndProject
Project("{FAE04EC0-301F-11D3-BF4B-00C04F79EFBC}") = "Refresh.Core", "Refresh.Core\Refresh.Core.csproj", "{E9958DD1-ECC9-4DC8-A3F0-6B13A11B3DFA}"
EndProject
Project("{2150E333-8FDC-42A3-9474-1A3956D46DE8}") = "Common", "Common", "{AA547E95-555C-470E-995A-D66E56660542}"
EndProject
Project("{2150E333-8FDC-42A3-9474-1A3956D46DE8}") = "Tests", "Tests", "{A60ED568-38C4-4734-ADD1-B35E6636BBF8}"
EndProject
Project("{2150E333-8FDC-42A3-9474-1A3956D46DE8}") = "Non-Critical Servers", "Non-Critical Servers", "{C8D3E1FA-E1FA-4CFB-973E-544C841DF4EB}"
EndProject
Project("{FAE04EC0-301F-11D3-BF4B-00C04F79EFBC}") = "Refresh.Interfaces.APIv3", "Refresh.Interfaces.APIv3\Refresh.Interfaces.APIv3.csproj", "{BF482F7A-4687-4AB2-8F37-727DFDBF53DE}"
EndProject
Project("{FAE04EC0-301F-11D3-BF4B-00C04F79EFBC}") = "Refresh.Interfaces.Game", "Refresh.Interfaces.Game\Refresh.Interfaces.Game.csproj", "{9EACC405-0340-46C9-8437-68AC71AB05CF}"
EndProject
Project("{FAE04EC0-301F-11D3-BF4B-00C04F79EFBC}") = "Refresh.Interfaces.Workers", "Refresh.Interfaces.Workers\Refresh.Interfaces.Workers.csproj", "{0FD65A5F-F20F-4A30-B486-B21146686FA6}"
EndProject
Project("{FAE04EC0-301F-11D3-BF4B-00C04F79EFBC}") = "Refresh.Interfaces.Internal", "Refresh.Interfaces.Internal\Refresh.Interfaces.Internal.csproj", "{14EF66DA-391A-40A1-80B3-03A2553C71C9}"
EndProject
Project("{2150E333-8FDC-42A3-9474-1A3956D46DE8}") = "Interfaces", "Interfaces", "{2B6AE134-DE2B-46A8-925D-6D4B1908BFAA}"
EndProject
Project("{FAE04EC0-301F-11D3-BF4B-00C04F79EFBC}") = "Refresh.Workers", "Refresh.Workers\Refresh.Workers.csproj", "{F33E3D8D-7867-41C6-8E24-5BA95642D001}"
EndProject
Global
	GlobalSection(SolutionConfigurationPlatforms) = preSolution
		Debug|Any CPU = Debug|Any CPU
		Release|Any CPU = Release|Any CPU
		DebugLocalBunkum|Any CPU = DebugLocalBunkum|Any CPU
	EndGlobalSection
	GlobalSection(SolutionProperties) = preSolution
		HideSolutionNode = FALSE
	EndGlobalSection
	GlobalSection(ProjectConfigurationPlatforms) = postSolution
		{622EB919-5FD2-45FE-B006-4EE5C7849FDF}.Debug|Any CPU.ActiveCfg = Debug|Any CPU
		{622EB919-5FD2-45FE-B006-4EE5C7849FDF}.Release|Any CPU.ActiveCfg = Release|Any CPU
		{622EB919-5FD2-45FE-B006-4EE5C7849FDF}.DebugLocalBunkum|Any CPU.ActiveCfg = DebugLocalBunkum|Any CPU
		{622EB919-5FD2-45FE-B006-4EE5C7849FDF}.DebugLocalBunkum|Any CPU.Build.0 = DebugLocalBunkum|Any CPU
		{622EB919-5FD2-45FE-B006-4EE5C7849FDF}.Debug|Any CPU.Build.0 = Debug|Any CPU
		{622EB919-5FD2-45FE-B006-4EE5C7849FDF}.Release|Any CPU.Build.0 = Release|Any CPU
		{8DC15128-D9C9-498B-AD3B-537C50966C91}.Debug|Any CPU.ActiveCfg = Debug|Any CPU
		{8DC15128-D9C9-498B-AD3B-537C50966C91}.Debug|Any CPU.Build.0 = Debug|Any CPU
		{8DC15128-D9C9-498B-AD3B-537C50966C91}.Release|Any CPU.ActiveCfg = Release|Any CPU
		{8DC15128-D9C9-498B-AD3B-537C50966C91}.Release|Any CPU.Build.0 = Release|Any CPU
		{8DC15128-D9C9-498B-AD3B-537C50966C91}.DebugLocalBunkum|Any CPU.ActiveCfg = DebugLocalBunkum|Any CPU
		{8DC15128-D9C9-498B-AD3B-537C50966C91}.DebugLocalBunkum|Any CPU.Build.0 = DebugLocalBunkum|Any CPU
		{A3D76B31-8732-4134-907B-F36773DF70D3}.Debug|Any CPU.ActiveCfg = Debug|Any CPU
		{A3D76B31-8732-4134-907B-F36773DF70D3}.Debug|Any CPU.Build.0 = Debug|Any CPU
		{A3D76B31-8732-4134-907B-F36773DF70D3}.Release|Any CPU.ActiveCfg = Release|Any CPU
		{A3D76B31-8732-4134-907B-F36773DF70D3}.Release|Any CPU.Build.0 = Release|Any CPU
		{A3D76B31-8732-4134-907B-F36773DF70D3}.DebugLocalBunkum|Any CPU.ActiveCfg = Debug|Any CPU
		{A3D76B31-8732-4134-907B-F36773DF70D3}.DebugLocalBunkum|Any CPU.Build.0 = Debug|Any CPU
		{3E0D28A4-3F63-4C3A-B12C-9AE2823ECE8E}.Debug|Any CPU.ActiveCfg = Debug|Any CPU
		{3E0D28A4-3F63-4C3A-B12C-9AE2823ECE8E}.Debug|Any CPU.Build.0 = Debug|Any CPU
		{3E0D28A4-3F63-4C3A-B12C-9AE2823ECE8E}.Release|Any CPU.ActiveCfg = Release|Any CPU
		{3E0D28A4-3F63-4C3A-B12C-9AE2823ECE8E}.Release|Any CPU.Build.0 = Release|Any CPU
		{3E0D28A4-3F63-4C3A-B12C-9AE2823ECE8E}.DebugLocalBunkum|Any CPU.ActiveCfg = Debug|Any CPU
		{3E0D28A4-3F63-4C3A-B12C-9AE2823ECE8E}.DebugLocalBunkum|Any CPU.Build.0 = Debug|Any CPU
		{833B3104-122C-45A6-BCBA-B6ED02A4C82E}.Debug|Any CPU.ActiveCfg = Debug|Any CPU
		{833B3104-122C-45A6-BCBA-B6ED02A4C82E}.Debug|Any CPU.Build.0 = Debug|Any CPU
		{833B3104-122C-45A6-BCBA-B6ED02A4C82E}.Release|Any CPU.ActiveCfg = Release|Any CPU
		{833B3104-122C-45A6-BCBA-B6ED02A4C82E}.Release|Any CPU.Build.0 = Release|Any CPU
		{833B3104-122C-45A6-BCBA-B6ED02A4C82E}.DebugLocalBunkum|Any CPU.ActiveCfg = Debug|Any CPU
		{833B3104-122C-45A6-BCBA-B6ED02A4C82E}.DebugLocalBunkum|Any CPU.Build.0 = Debug|Any CPU
		{BB124639-CC3E-462D-8F65-795260C0E56E}.Debug|Any CPU.ActiveCfg = Debug|Any CPU
		{BB124639-CC3E-462D-8F65-795260C0E56E}.Debug|Any CPU.Build.0 = Debug|Any CPU
		{BB124639-CC3E-462D-8F65-795260C0E56E}.Release|Any CPU.ActiveCfg = Release|Any CPU
		{BB124639-CC3E-462D-8F65-795260C0E56E}.Release|Any CPU.Build.0 = Release|Any CPU
		{BB124639-CC3E-462D-8F65-795260C0E56E}.DebugLocalBunkum|Any CPU.ActiveCfg = Debug|Any CPU
		{BB124639-CC3E-462D-8F65-795260C0E56E}.DebugLocalBunkum|Any CPU.Build.0 = Debug|Any CPU
		{E9958DD1-ECC9-4DC8-A3F0-6B13A11B3DFA}.Debug|Any CPU.ActiveCfg = Debug|Any CPU
		{E9958DD1-ECC9-4DC8-A3F0-6B13A11B3DFA}.Debug|Any CPU.Build.0 = Debug|Any CPU
		{E9958DD1-ECC9-4DC8-A3F0-6B13A11B3DFA}.Release|Any CPU.ActiveCfg = Release|Any CPU
		{E9958DD1-ECC9-4DC8-A3F0-6B13A11B3DFA}.Release|Any CPU.Build.0 = Release|Any CPU
		{E9958DD1-ECC9-4DC8-A3F0-6B13A11B3DFA}.DebugLocalBunkum|Any CPU.ActiveCfg = Debug|Any CPU
		{E9958DD1-ECC9-4DC8-A3F0-6B13A11B3DFA}.DebugLocalBunkum|Any CPU.Build.0 = Debug|Any CPU
		{BF482F7A-4687-4AB2-8F37-727DFDBF53DE}.Debug|Any CPU.ActiveCfg = Debug|Any CPU
		{BF482F7A-4687-4AB2-8F37-727DFDBF53DE}.Debug|Any CPU.Build.0 = Debug|Any CPU
		{BF482F7A-4687-4AB2-8F37-727DFDBF53DE}.Release|Any CPU.ActiveCfg = Release|Any CPU
		{BF482F7A-4687-4AB2-8F37-727DFDBF53DE}.Release|Any CPU.Build.0 = Release|Any CPU
		{BF482F7A-4687-4AB2-8F37-727DFDBF53DE}.DebugLocalBunkum|Any CPU.ActiveCfg = Debug|Any CPU
		{BF482F7A-4687-4AB2-8F37-727DFDBF53DE}.DebugLocalBunkum|Any CPU.Build.0 = Debug|Any CPU
		{9EACC405-0340-46C9-8437-68AC71AB05CF}.Debug|Any CPU.ActiveCfg = Debug|Any CPU
		{9EACC405-0340-46C9-8437-68AC71AB05CF}.Debug|Any CPU.Build.0 = Debug|Any CPU
		{9EACC405-0340-46C9-8437-68AC71AB05CF}.Release|Any CPU.ActiveCfg = Release|Any CPU
		{9EACC405-0340-46C9-8437-68AC71AB05CF}.Release|Any CPU.Build.0 = Release|Any CPU
		{9EACC405-0340-46C9-8437-68AC71AB05CF}.DebugLocalBunkum|Any CPU.ActiveCfg = Debug|Any CPU
		{9EACC405-0340-46C9-8437-68AC71AB05CF}.DebugLocalBunkum|Any CPU.Build.0 = Debug|Any CPU
		{0FD65A5F-F20F-4A30-B486-B21146686FA6}.Debug|Any CPU.ActiveCfg = Debug|Any CPU
		{0FD65A5F-F20F-4A30-B486-B21146686FA6}.Debug|Any CPU.Build.0 = Debug|Any CPU
		{0FD65A5F-F20F-4A30-B486-B21146686FA6}.Release|Any CPU.ActiveCfg = Release|Any CPU
		{0FD65A5F-F20F-4A30-B486-B21146686FA6}.Release|Any CPU.Build.0 = Release|Any CPU
		{0FD65A5F-F20F-4A30-B486-B21146686FA6}.DebugLocalBunkum|Any CPU.ActiveCfg = Debug|Any CPU
		{0FD65A5F-F20F-4A30-B486-B21146686FA6}.DebugLocalBunkum|Any CPU.Build.0 = Debug|Any CPU
		{14EF66DA-391A-40A1-80B3-03A2553C71C9}.Debug|Any CPU.ActiveCfg = Debug|Any CPU
		{14EF66DA-391A-40A1-80B3-03A2553C71C9}.Debug|Any CPU.Build.0 = Debug|Any CPU
		{14EF66DA-391A-40A1-80B3-03A2553C71C9}.Release|Any CPU.ActiveCfg = Release|Any CPU
		{14EF66DA-391A-40A1-80B3-03A2553C71C9}.Release|Any CPU.Build.0 = Release|Any CPU
		{14EF66DA-391A-40A1-80B3-03A2553C71C9}.DebugLocalBunkum|Any CPU.ActiveCfg = Debug|Any CPU
		{14EF66DA-391A-40A1-80B3-03A2553C71C9}.DebugLocalBunkum|Any CPU.Build.0 = Debug|Any CPU
		{F33E3D8D-7867-41C6-8E24-5BA95642D001}.Debug|Any CPU.ActiveCfg = Debug|Any CPU
		{F33E3D8D-7867-41C6-8E24-5BA95642D001}.Debug|Any CPU.Build.0 = Debug|Any CPU
		{F33E3D8D-7867-41C6-8E24-5BA95642D001}.Release|Any CPU.ActiveCfg = Release|Any CPU
		{F33E3D8D-7867-41C6-8E24-5BA95642D001}.Release|Any CPU.Build.0 = Release|Any CPU
		{F33E3D8D-7867-41C6-8E24-5BA95642D001}.DebugLocalBunkum|Any CPU.ActiveCfg = Debug|Any CPU
		{F33E3D8D-7867-41C6-8E24-5BA95642D001}.DebugLocalBunkum|Any CPU.Build.0 = Debug|Any CPU
	EndGlobalSection
	GlobalSection(NestedProjects) = preSolution
		{A3D76B31-8732-4134-907B-F36773DF70D3} = {AA547E95-555C-470E-995A-D66E56660542}
		{E9958DD1-ECC9-4DC8-A3F0-6B13A11B3DFA} = {AA547E95-555C-470E-995A-D66E56660542}
		{BB124639-CC3E-462D-8F65-795260C0E56E} = {AA547E95-555C-470E-995A-D66E56660542}
		{8DC15128-D9C9-498B-AD3B-537C50966C91} = {A60ED568-38C4-4734-ADD1-B35E6636BBF8}
		{3E0D28A4-3F63-4C3A-B12C-9AE2823ECE8E} = {C8D3E1FA-E1FA-4CFB-973E-544C841DF4EB}
		{833B3104-122C-45A6-BCBA-B6ED02A4C82E} = {C8D3E1FA-E1FA-4CFB-973E-544C841DF4EB}
		{BF482F7A-4687-4AB2-8F37-727DFDBF53DE} = {2B6AE134-DE2B-46A8-925D-6D4B1908BFAA}
		{9EACC405-0340-46C9-8437-68AC71AB05CF} = {2B6AE134-DE2B-46A8-925D-6D4B1908BFAA}
		{14EF66DA-391A-40A1-80B3-03A2553C71C9} = {2B6AE134-DE2B-46A8-925D-6D4B1908BFAA}
		{0FD65A5F-F20F-4A30-B486-B21146686FA6} = {2B6AE134-DE2B-46A8-925D-6D4B1908BFAA}
		{F33E3D8D-7867-41C6-8E24-5BA95642D001} = {AA547E95-555C-470E-995A-D66E56660542}
	EndGlobalSection
EndGlobal
