
Microsoft Visual Studio Solution File, Format Version 12.00
# Visual Studio Version 17
VisualStudioVersion = 17.0.31903.59
MinimumVisualStudioVersion = 10.0.40219.1
Project("{FAE04EC0-301F-11D3-BF4B-00C04F79EFBC}") = "Refresh.GameServer", "Refresh.GameServer\Refresh.GameServer.csproj", "{622EB919-5FD2-45FE-B006-4EE5C7849FDF}"
EndProject
Project("{FAE04EC0-301F-11D3-BF4B-00C04F79EFBC}") = "Refresh.Analyzers", "Refresh.Analyzers\Refresh.Analyzers.csproj", "{4717B220-62C1-4CF9-9734-D9975C462159}"
EndProject
Project("{FAE04EC0-301F-11D3-BF4B-00C04F79EFBC}") = "RefreshTests.GameServer", "RefreshTests.GameServer\RefreshTests.GameServer.csproj", "{F9FC6FBB-BE3C-4E42-8A3C-E11F86CB299C}"
EndProject
Global
	GlobalSection(SolutionConfigurationPlatforms) = preSolution
		Debug|Any CPU = Debug|Any CPU
		Release|Any CPU = Release|Any CPU
		DebugLocalBunkum|Any CPU = DebugLocalBunkum|Any CPU
	EndGlobalSection
	GlobalSection(SolutionProperties) = preSolution
		HideSolutionNode = FALSE
	EndGlobalSection
	GlobalSection(ProjectConfigurationPlatforms) = postSolution
		{622EB919-5FD2-45FE-B006-4EE5C7849FDF}.Debug|Any CPU.ActiveCfg = Debug|Any CPU
		{622EB919-5FD2-45FE-B006-4EE5C7849FDF}.Release|Any CPU.ActiveCfg = Release|Any CPU
		{622EB919-5FD2-45FE-B006-4EE5C7849FDF}.DebugLocalBunkum|Any CPU.ActiveCfg = DebugLocalBunkum|Any CPU
		{622EB919-5FD2-45FE-B006-4EE5C7849FDF}.DebugLocalBunkum|Any CPU.Build.0 = DebugLocalBunkum|Any CPU
		{622EB919-5FD2-45FE-B006-4EE5C7849FDF}.Debug|Any CPU.Build.0 = Debug|Any CPU
		{622EB919-5FD2-45FE-B006-4EE5C7849FDF}.Release|Any CPU.Build.0 = Release|Any CPU
		{4717B220-62C1-4CF9-9734-D9975C462159}.Debug|Any CPU.ActiveCfg = Debug|Any CPU
		{4717B220-62C1-4CF9-9734-D9975C462159}.Debug|Any CPU.Build.0 = Debug|Any CPU
		{4717B220-62C1-4CF9-9734-D9975C462159}.Release|Any CPU.ActiveCfg = Release|Any CPU
		{4717B220-62C1-4CF9-9734-D9975C462159}.Release|Any CPU.Build.0 = Release|Any CPU
		{4717B220-62C1-4CF9-9734-D9975C462159}.DebugLocalBunkum|Any CPU.ActiveCfg = Debug|Any CPU
		{4717B220-62C1-4CF9-9734-D9975C462159}.DebugLocalBunkum|Any CPU.Build.0 = Debug|Any CPU
		{F9FC6FBB-BE3C-4E42-8A3C-E11F86CB299C}.Debug|Any CPU.ActiveCfg = Debug|Any CPU
		{F9FC6FBB-BE3C-4E42-8A3C-E11F86CB299C}.Debug|Any CPU.Build.0 = Debug|Any CPU
		{F9FC6FBB-BE3C-4E42-8A3C-E11F86CB299C}.Release|Any CPU.ActiveCfg = Release|Any CPU
		{F9FC6FBB-BE3C-4E42-8A3C-E11F86CB299C}.Release|Any CPU.Build.0 = Release|Any CPU
		{F9FC6FBB-BE3C-4E42-8A3C-E11F86CB299C}.DebugLocalBunkum|Any CPU.ActiveCfg = Debug|Any CPU
		{F9FC6FBB-BE3C-4E42-8A3C-E11F86CB299C}.DebugLocalBunkum|Any CPU.Build.0 = Debug|Any CPU
	EndGlobalSection
	GlobalSection(NestedProjects) = preSolution
	EndGlobalSection
EndGlobal
